
Microsoft Visual Studio Solution File, Format Version 12.00
# Visual Studio Version 17
VisualStudioVersion = 17.10.35027.167
MinimumVisualStudioVersion = 10.0.40219.1
Project("{FAE04EC0-301F-11D3-BF4B-00C04F79EFBC}") = "VendingMachine", "VendingMachine.csproj", "{2A471989-7A45-47D3-8314-11A877209078}"
EndProject
Project("{FAE04EC0-301F-11D3-BF4B-00C04F79EFBC}") = "VendingMachine.Tests", "..\VendingMachine.Tests\VendingMachine.Tests.csproj", "{CDEE84E2-D398-4BF4-AA3E-42782B500E73}"
EndProject
Global
	GlobalSection(SolutionConfigurationPlatforms) = preSolution
		Debug|Any CPU = Debug|Any CPU
		Release|Any CPU = Release|Any CPU
	EndGlobalSection
	GlobalSection(ProjectConfigurationPlatforms) = postSolution
		{2A471989-7A45-47D3-8314-11A877209078}.Debug|Any CPU.ActiveCfg = Debug|Any CPU
		{2A471989-7A45-47D3-8314-11A877209078}.Debug|Any CPU.Build.0 = Debug|Any CPU
		{2A471989-7A45-47D3-8314-11A877209078}.Release|Any CPU.ActiveCfg = Release|Any CPU
		{2A471989-7A45-47D3-8314-11A877209078}.Release|Any CPU.Build.0 = Release|Any CPU
		{CDEE84E2-D398-4BF4-AA3E-42782B500E73}.Debug|Any CPU.ActiveCfg = Debug|Any CPU
		{CDEE84E2-D398-4BF4-AA3E-42782B500E73}.Debug|Any CPU.Build.0 = Debug|Any CPU
		{CDEE84E2-D398-4BF4-AA3E-42782B500E73}.Release|Any CPU.ActiveCfg = Release|Any CPU
		{CDEE84E2-D398-4BF4-AA3E-42782B500E73}.Release|Any CPU.Build.0 = Release|Any CPU
	EndGlobalSection
	GlobalSection(SolutionProperties) = preSolution
		HideSolutionNode = FALSE
	EndGlobalSection
	GlobalSection(ExtensibilityGlobals) = postSolution
		SolutionGuid = {7261D088-D002-4470-B850-982A4611A723}
	EndGlobalSection
EndGlobal
